{
  "name": "metamere-client",
  "version": "0.9.1",
  "lockfileVersion": 3,
  "requires": true,
  "packages": {
    "": {
      "name": "metamere-client",
      "version": "0.9.1",
      "license": "MIT",
      "dependencies": {
        "axon": "^2.0.3"
      }
    },
    "node_modules/amp": {
      "version": "0.3.1",
      "resolved": "https://registry.npmjs.org/amp/-/amp-0.3.1.tgz",
      "integrity": "sha512-OwIuC4yZaRogHKiuU5WlMR5Xk/jAcpPtawWL05Gj8Lvm2F6mwoJt4O/bHI+DHwG79vWd+8OFYM4/BzYqyRd3qw=="
    },
    "node_modules/amp-message": {
      "version": "0.1.2",
      "resolved": "https://registry.npmjs.org/amp-message/-/amp-message-0.1.2.tgz",
      "integrity": "sha512-JqutcFwoU1+jhv7ArgW38bqrE+LQdcRv4NxNw0mp0JHQyB6tXesWRjtYKlDgHRY2o3JE5UTaBGUK8kSWUdxWUg==",
      "dependencies": {
        "amp": "0.3.1"
      }
    },
    "node_modules/axon": {
      "version": "2.0.3",
      "resolved": "https://registry.npmjs.org/axon/-/axon-2.0.3.tgz",
      "integrity": "sha512-zGM15ltKLOMk+/tS6v4ttbCmhNm5uV09FalXc0/cKUcP9nmx5Npg0QO1/xvijvMA+sUzZpQ/0++w1/8Hci5qzQ==",
      "dependencies": {
        "amp": "~0.3.1",
        "amp-message": "~0.1.1",
        "configurable": "0.0.1",
        "debug": "*",
        "escape-regexp": "0.0.1"
      },
      "engines": {
        "node": ">= 0.11.8"
      }
    },
    "node_modules/configurable": {
      "version": "0.0.1",
      "resolved": "https://registry.npmjs.org/configurable/-/configurable-0.0.1.tgz",
      "integrity": "sha512-OcGvB6vM11aQlbtNBxN23uqRAGzpbIiKzn4tgT49nF3QPocQ2N3TODH9901HxKNv+eYupA7TCrtRNY1jm/sK8Q=="
    },
    "node_modules/debug": {
      "version": "4.3.4",
      "resolved": "https://registry.npmjs.org/debug/-/debug-4.3.4.tgz",
      "integrity": "sha512-PRWFHuSU3eDtQJPvnNY7Jcket1j0t5OuOsFzPPzsekD52Zl8qUfFIPEiswXqIvHWGVHOgX+7G/vCNNhehwxfkQ==",
      "dependencies": {
        "ms": "2.1.2"
      },
      "engines": {
        "node": ">=6.0"
      },
      "peerDependenciesMeta": {
        "supports-color": {
          "optional": true
        }
      }
    },
    "node_modules/escape-regexp": {
      "version": "0.0.1",
      "resolved": "https://registry.npmjs.org/escape-regexp/-/escape-regexp-0.0.1.tgz",
      "integrity": "sha512-jVgdsYRa7RKxTT6MKNC3gdT+BF0Gfhpel19+HMRZJC2L0PufB0XOBuXBoXj29NKHwuktnAXd1Z1lyiH/8vOTpw=="
    },
    "node_modules/ms": {
      "version": "2.1.2",
      "resolved": "https://registry.npmjs.org/ms/-/ms-2.1.2.tgz",
      "integrity": "sha512-sGkPx+VjMtmA6MX27oA4FBFELFCZZ4S4XqeGOXCv68tT+jb3vk/RyaKWP0PTKyWtmLSM0b+adUTEvbs1PEaH2w=="
    }
  }
}
